version: 1
files:
  messages/en.json:
    manifest.name: 8599492966102d436cc92f13ab632a6f
    manifest.short_name: 8599492966102d436cc92f13ab632a6f
    manifest.description: 3ed648adbb5e054e8af122164ec9d6f9
    language.en: 78463a384a5aa4fad5fa73e2f506ecfc
    language.it: 4be8e06d27bca7e1828f2fa9a49ca985
    header.button: 6433f0a69ae010c1676ccbd33fdcaef0
    hero.title: 3ed648adbb5e054e8af122164ec9d6f9
    hero.subtitle: 5f6414e34ff4e039c674fce4a07b5ffe
    hero.follow: ef040956a3f61f67fed6b15f76d2495c
    hero.pill: d6954d6dab2e46385cc3f2a756ec0a97
    hero.subtitle_text: 64ea6620583e4d11a7254892dc70e2cd
    hero.achievement: 132ee157f8ab5969984ecbaf5b9542a9
    hero.accountable: a20328ca06baae159dc67757967af816
    hero.motivated: 7fa1fd843f20119e695139b9381f1449
    hero.habits: 4eb3ee601120336554e9a4a464d2b1ef
    hero.join: a286d9991c6a547ae25a5f5216164b8f
    hero.members: d2e3083420929d8bfae81f58fa4594cb
    business_features.member_management: c7ab8d4831aa9dcf992534cb0636fb91
    business_features.member_management_description: 3ea1dc8d7cc75bf7987314bf1203ffc6
    business_features.performance_analytics: 7d9f20a78a20f24705496c29c095af4d
    business_features.performance_analytics_description: 2f4bfe81fd08c71bbc8ffbacabfa2c45
    business_features.workouts_routines: 55d8d4cabdc97d8981e139ff2242b443
    business_features.workouts_routines_description: 122c6dbc79cc71aa49d18caaace22cad
    athlete_features.no_more_workout_notes: d27ecaa5b67bc16166aae4f360341f8c
    athlete_features.no_more_workout_notes_description: a45c0a5b3814b989755a4f0b6526af46
    athlete_features.achievement_tracking: 3d5144227f181b67bcfcf7bc9e910d43
    athlete_features.achievement_tracking_description: 7922f9e92918cfc44a2959d4a3922d17
    athlete_features.workout_tracking: a1a01cd5e1c5054151498c840fedb5aa
    athlete_features.workout_tracking_description: e130bce081e0fc66e2fe3989c3c7536a
    pricing.title: 9f208dffc5147cfa34547b8f178a9cfe
    pricing.subtitle: 5a4d3be25384af4a6d10e23f62ec18c8
    pricing.section_title: e22ac25b066b201473de7aa700ef5d92
    pricing.popular_badge: 7a609963abc70a11281e1dc56a2b33f1
    pricing.currency: c3e97dd6e97fb5125688c97f36720cbe
    pricing.lifetime: f716f53e122d92b01a778fadf4d978e6
    pricing.athlete.name: 3e200b554993aae2c350b07445dbeb3b
    pricing.athlete.description: 58aed9915a4283bbd25b4b27d89a5dc1
    pricing.athlete.features.notes: eeaf493f49735e8eb0d84d551951f106
    pricing.athlete.features.achievements: 04f8bf7030cd406a1a34ca66f13eb407
    pricing.athlete.features.progress: 822fdc9d51edd3ea21167e6afc3133bb
    pricing.athlete.features.community: a01ad6abea08b13624fb95b67cbf48bb
    pricing.athlete.features.support: 9be3753f5fd3070d8b332f2b57047cdf
    pricing.athlete.cta: e0c4332e8c13be976552a059f106354f
    pricing.business.name: d6e6cb19e3b9c02f89d6cd54cfa7c613
    pricing.business.description: deba8a155ca0afb51f6fd08241ff1ccc
    pricing.business.features.management: 5da43ce358e8060a99074a81553e8406
    pricing.business.features.analytics: e1403bccee512f4b12d2133776d50bcf
    pricing.business.features.workouts: b1c7b77ebb01f477052982c518093ff2
    pricing.business.features.website: 753dce1e2edf78316e46311ea58cbd33
    pricing.business.features.support: d62f9dcbe63520f9fb0857b3c615b210
    pricing.business.cta: c0720cffaa1c0ac0e724b62b2a23a345
    pricing.enterprise.name: a0f27638260642afb474516cc918407e
    pricing.enterprise.description: a23559e6ce6d8530cea7a6b4f778754f
    pricing.enterprise.features.all: 3a44f8992f40c42d8a427d2b932d74f2
    pricing.enterprise.features.custom: e16febe58b04ac950cdac00eeb02ea8c
    pricing.enterprise.cta: 02d4482d332e1aef3437cd61c9bcc624
    cta.title: 24374346a4f489e014c6ab1f8450e767
    cta.button: ce3a224172cf54dd94f7f3514a9f4753
    subscribe-input.title: 4aed3fa7f335e31aca8c98257c586c99
    subscribe-input.button: b26917587d98330d93f87808fc9d7267
    subscribe-input.success: 808c7457c768423c5651cbf676d9f6d7
    private-business.overview: 3b878279a04dc47d60932cb294d96259
    private-business.clients: 0f558243fbf45f1cd840fff01957f57b
    private-business.stats.total-clients: ba5831b2bd08903e0598f898227ecada
    private-business.stats.monthly-revenue: fbe8ddbc8930d96a8b2e136e6bd2dc17
    private-business.stats.active-sessions: aa09f48c33949fe6103fd38d5bcb8d61
    private-business.clients-tab.title: b2519ffc9bc60b09a6fa3978f6c9ee03
    private-business.clients-tab.subtitle: de464145d31cd4daeaa2dd9fff34d78b
    private-business.clients-tab.search: 04d65c0624c10f671caa34140ecdd10f
    private-business.clients-tab.add-client: 38ff7d8563b7702bea068f9e15d5c0e6
    private-business.clients-tab.check-athlete: 05059aa045fbd9e164306419a3fa44ac
    private-business.clients-tab.create-athlete: 905c57716c36431abbf72b3814ee631b
    private-business.clients-tab.set-subscription: 5d1f444b99fd3eaffc29426701d24362
    private-business.athletes-page.title: 5c2ded44ba4deb4782ea1236be489ea0
    private-business.athletes-page.subtitle: 716f9dce419248b5ba397b3cc5489336
    private-business.athletes-page.search: 055820217147a74891bf1b1d1aa802d0
    private-business.athletes-page.add-athlete: 915d848ddaf9ca05b5e0e240a453126b
    private-business.athletes-page.full-name: 630058029627ce58e7571e7a5b6ec591
    private-business.athletes-page.goal: 12c74214cb4c18cf36d885303d6aa2e1
    private-business.athletes-page.gender-age: c4af4f259df4ca5c613d2fbfc124c8a0
    private-business.athletes-page.status: ec53a8c4f07baed5d8825072c89799be
    private-business.athletes-page.actions: 06df33001c1d7187fdd81ea1f5b277aa
    private-business.athletes-page.athlete-page: 37e9d9bda8a5e048fb512b3dea7284ad
    private-business.workouts-page.title: bd3f02b5dbb7cd789e8fe517c9fce406
    private-business.workouts-page.subtitle: 0d831c2419160650c17f3adb26165ce6
    private-business.workouts-page.search: 7e372ccaafef38415f858b6458938b10
    private-business.workouts-page.add-workout: 8a755e1a7efd7a729c17040b59217a20
    private-business.workouts-page.your-workouts: 8662dd492c253c43892df4d2363b1de2
    private-business.workouts-page.workout-builder: b49194e5d276ce223d04ff762ed9566a
    private-business.workouts-page.exercise-library: a9b779c3d27eaaf3ae617d35ce9a4e27
    private-business.workouts-page.no-workouts: 845075f389c670c1b412a5f290113913
    private-business.workouts-page.workout-name: 9cdd59a8b2ee7dfb2aa1da9bc3a0f3eb
    private-business.workouts-page.created-at: 6e9a375edaa0f55f2b86e1f415a33172
    private-business.workouts-page.exercises: 044d5c091ae09a306f228980cfedfc2b
    private-business.workouts-page.sets: 86f5baf708c6c250204451eb89736947
    private-business.workouts-page.reps: 5629f2d9d859f38c19bc0280f1a5d795
    private-business.workouts-page.weight: 8c489d0946f66d17d73f26366a4bf620
    private-business.workouts-page.duration: e02d2ae03de9d493df2b6b2d2813d302
    private-business.workouts-page.details: 3ec365dd533ddb7ef3d1c111186ce872
    private-business.workouts-page.exercise: ef8fb97d271d5d2e855498ac9a9b41b7
    private-business.workouts-page.actions: 06df33001c1d7187fdd81ea1f5b277aa
